
Microsoft Visual Studio Solution File, Format Version 11.00
# Visual C# Express 2010
Project("{FAE04EC0-301F-11D3-BF4B-00C04F79EFBC}") = "Chapter6-7", "Chapter6-7\Chapter6-7.csproj", "{8E6E9CDA-6E2A-4B3C-B814-95A238A4AB1B}"
EndProject
Global
	GlobalSection(SolutionConfigurationPlatforms) = preSolution
		Debug|x86 = Debug|x86
		Release|x86 = Release|x86
	EndGlobalSection
	GlobalSection(ProjectConfigurationPlatforms) = postSolution
		{8E6E9CDA-6E2A-4B3C-B814-95A238A4AB1B}.Debug|x86.ActiveCfg = Debug|x86
		{8E6E9CDA-6E2A-4B3C-B814-95A238A4AB1B}.Debug|x86.Build.0 = Debug|x86
		{8E6E9CDA-6E2A-4B3C-B814-95A238A4AB1B}.Release|x86.ActiveCfg = Release|x86
		{8E6E9CDA-6E2A-4B3C-B814-95A238A4AB1B}.Release|x86.Build.0 = Release|x86
	EndGlobalSection
	GlobalSection(SolutionProperties) = preSolution
		HideSolutionNode = FALSE
	EndGlobalSection
EndGlobal
