
Microsoft Visual Studio Solution File, Format Version 11.00
# Visual C# Express 2010
Project("{FAE04EC0-301F-11D3-BF4B-00C04F79EFBC}") = "Chapter8-5", "Chapter8-5\Chapter8-5.csproj", "{419FC844-66D4-4289-8595-871BE9C44889}"
EndProject
Global
	GlobalSection(SolutionConfigurationPlatforms) = preSolution
		Debug|x86 = Debug|x86
		Release|x86 = Release|x86
	EndGlobalSection
	GlobalSection(ProjectConfigurationPlatforms) = postSolution
		{419FC844-66D4-4289-8595-871BE9C44889}.Debug|x86.ActiveCfg = Debug|x86
		{419FC844-66D4-4289-8595-871BE9C44889}.Debug|x86.Build.0 = Debug|x86
		{419FC844-66D4-4289-8595-871BE9C44889}.Release|x86.ActiveCfg = Release|x86
		{419FC844-66D4-4289-8595-871BE9C44889}.Release|x86.Build.0 = Release|x86
	EndGlobalSection
	GlobalSection(SolutionProperties) = preSolution
		HideSolutionNode = FALSE
	EndGlobalSection
EndGlobal
