
Microsoft Visual Studio Solution File, Format Version 11.00
# Visual C# Express 2010
Project("{FAE04EC0-301F-11D3-BF4B-00C04F79EFBC}") = "Chapter5-3", "Chapter5-3\Chapter5-3.csproj", "{BA39B2E1-4A65-4ABE-8766-C0A2AA847694}"
EndProject
Global
	GlobalSection(SolutionConfigurationPlatforms) = preSolution
		Debug|x86 = Debug|x86
		Release|x86 = Release|x86
	EndGlobalSection
	GlobalSection(ProjectConfigurationPlatforms) = postSolution
		{BA39B2E1-4A65-4ABE-8766-C0A2AA847694}.Debug|x86.ActiveCfg = Debug|x86
		{BA39B2E1-4A65-4ABE-8766-C0A2AA847694}.Debug|x86.Build.0 = Debug|x86
		{BA39B2E1-4A65-4ABE-8766-C0A2AA847694}.Release|x86.ActiveCfg = Release|x86
		{BA39B2E1-4A65-4ABE-8766-C0A2AA847694}.Release|x86.Build.0 = Release|x86
	EndGlobalSection
	GlobalSection(SolutionProperties) = preSolution
		HideSolutionNode = FALSE
	EndGlobalSection
EndGlobal
