
Microsoft Visual Studio Solution File, Format Version 11.00
# Visual C# Express 2010
Project("{FAE04EC0-301F-11D3-BF4B-00C04F79EFBC}") = "Chapter10-13", "Chapter10-13\Chapter10-13.csproj", "{D9C0CE21-2042-448D-A95A-45AF2D628E87}"
EndProject
Project("{FAE04EC0-301F-11D3-BF4B-00C04F79EFBC}") = "Engine", "..\Engine\Engine\Engine.csproj", "{78E91C0F-F05D-4BBA-92B3-E5A84705F63D}"
EndProject
Global
	GlobalSection(SolutionConfigurationPlatforms) = preSolution
		Debug|Any CPU = Debug|Any CPU
		Debug|x86 = Debug|x86
		Release|Any CPU = Release|Any CPU
		Release|x86 = Release|x86
	EndGlobalSection
	GlobalSection(ProjectConfigurationPlatforms) = postSolution
		{D9C0CE21-2042-448D-A95A-45AF2D628E87}.Debug|Any CPU.ActiveCfg = Debug|x86
		{D9C0CE21-2042-448D-A95A-45AF2D628E87}.Debug|x86.ActiveCfg = Debug|x86
		{D9C0CE21-2042-448D-A95A-45AF2D628E87}.Debug|x86.Build.0 = Debug|x86
		{D9C0CE21-2042-448D-A95A-45AF2D628E87}.Release|Any CPU.ActiveCfg = Release|x86
		{D9C0CE21-2042-448D-A95A-45AF2D628E87}.Release|x86.ActiveCfg = Release|x86
		{D9C0CE21-2042-448D-A95A-45AF2D628E87}.Release|x86.Build.0 = Release|x86
		{78E91C0F-F05D-4BBA-92B3-E5A84705F63D}.Debug|Any CPU.ActiveCfg = Debug|Any CPU
		{78E91C0F-F05D-4BBA-92B3-E5A84705F63D}.Debug|Any CPU.Build.0 = Debug|Any CPU
		{78E91C0F-F05D-4BBA-92B3-E5A84705F63D}.Debug|x86.ActiveCfg = Debug|x86
		{78E91C0F-F05D-4BBA-92B3-E5A84705F63D}.Debug|x86.Build.0 = Debug|x86
		{78E91C0F-F05D-4BBA-92B3-E5A84705F63D}.Release|Any CPU.ActiveCfg = Release|Any CPU
		{78E91C0F-F05D-4BBA-92B3-E5A84705F63D}.Release|Any CPU.Build.0 = Release|Any CPU
		{78E91C0F-F05D-4BBA-92B3-E5A84705F63D}.Release|x86.ActiveCfg = Release|x86
		{78E91C0F-F05D-4BBA-92B3-E5A84705F63D}.Release|x86.Build.0 = Release|x86
	EndGlobalSection
	GlobalSection(SolutionProperties) = preSolution
		HideSolutionNode = FALSE
	EndGlobalSection
EndGlobal
